
Microsoft Visual Studio Solution File, Format Version 12.00
# Visual Studio Version 16
VisualStudioVersion = 16.0.29806.167
MinimumVisualStudioVersion = 10.0.40219.1
Project("{9A19103F-16F7-4668-BE54-9A1E7A4F7556}") = "Lecii", "Lecii\Lecii.csproj", "{A625FC07-DAEF-40AB-BC72-4ABAD1EA8F53}"
EndProject
Project("{9A19103F-16F7-4668-BE54-9A1E7A4F7556}") = "LeciiTester", "LeciiTester\LeciiTester.csproj", "{8616C2A8-A9A4-4AED-A441-C9750051070A}"
EndProject
Global
	GlobalSection(SolutionConfigurationPlatforms) = preSolution
		Debug|Any CPU = Debug|Any CPU
		Release|Any CPU = Release|Any CPU
	EndGlobalSection
	GlobalSection(ProjectConfigurationPlatforms) = postSolution
		{A625FC07-DAEF-40AB-BC72-4ABAD1EA8F53}.Debug|Any CPU.ActiveCfg = Debug|Any CPU
		{A625FC07-DAEF-40AB-BC72-4ABAD1EA8F53}.Debug|Any CPU.Build.0 = Debug|Any CPU
		{A625FC07-DAEF-40AB-BC72-4ABAD1EA8F53}.Release|Any CPU.ActiveCfg = Release|Any CPU
		{A625FC07-DAEF-40AB-BC72-4ABAD1EA8F53}.Release|Any CPU.Build.0 = Release|Any CPU
		{8616C2A8-A9A4-4AED-A441-C9750051070A}.Debug|Any CPU.ActiveCfg = Debug|Any CPU
		{8616C2A8-A9A4-4AED-A441-C9750051070A}.Debug|Any CPU.Build.0 = Debug|Any CPU
		{8616C2A8-A9A4-4AED-A441-C9750051070A}.Release|Any CPU.ActiveCfg = Release|Any CPU
		{8616C2A8-A9A4-4AED-A441-C9750051070A}.Release|Any CPU.Build.0 = Release|Any CPU
	EndGlobalSection
	GlobalSection(SolutionProperties) = preSolution
		HideSolutionNode = FALSE
	EndGlobalSection
	GlobalSection(ExtensibilityGlobals) = postSolution
		SolutionGuid = {270D53F7-A8FC-4ED8-B676-8C5B4F732796}
	EndGlobalSection
EndGlobal
